<?xml version="1.0" encoding="utf-8"?>
<Project ToolsVersion="4.0" xmlns="http://schemas.microsoft.com/developer/msbuild/2003">
  <ItemGroup>
    <Filter Include="Source Files">
      <UniqueIdentifier>{4FC737F1-C7A5-4376-A066-2A32D752A2FF}</UniqueIdentifier>
      <Extensions>cpp;c;cc;cxx;c++;cppm;ixx;def;odl;idl;hpj;bat;asm;asmx</Extensions>
    </Filter>
    <Filter Include="Header Files">
      <UniqueIdentifier>{93995380-89BD-4b04-88EB-625FBE52EBFB}</UniqueIdentifier>
      <Extensions>h;hh;hpp;hxx;h++;hm;inl;inc;ipp;xsd</Extensions>
    </Filter>
    <Filter Include="ComputerInfo">
      <UniqueIdentifier>{e541e33a-555e-45ae-8f3c-e69b82016f0a}</UniqueIdentifier>
    </Filter>
    <Filter Include="Config">
      <UniqueIdentifier>{c81d7862-aee0-4859-8bcd-551bb87637ca}</UniqueIdentifier>
    </Filter>
    <Filter Include="Client2Server">
      <UniqueIdentifier>{6c3798a6-90c1-4798-86d6-104b0d79268c}</UniqueIdentifier>
    </Filter>
    <Filter Include="AppMonitor">
      <UniqueIdentifier>{9666e4e2-11ac-4cba-a9a8-d9179d3c8c81}</UniqueIdentifier>
    </Filter>
    <Filter Include="ProcessMonitor">
      <UniqueIdentifier>{d6aa1a60-7fbe-4af5-be23-b6536ecef6c7}</UniqueIdentifier>
    </Filter>
    <Filter Include="PowerMonitor">
      <UniqueIdentifier>{940c44bf-6d6d-4dd4-9e1d-e6e2c1f67849}</UniqueIdentifier>
    </Filter>
    <Filter Include="HttpClient">
      <UniqueIdentifier>{e9b09b42-ba19-415e-81df-29e44adb5cc1}</UniqueIdentifier>
    </Filter>
    <Filter Include="Common">
      <UniqueIdentifier>{4b4406a5-0002-40c4-b62a-1b9d7142dd54}</UniqueIdentifier>
    </Filter>
    <Filter Include="SQLite3">
      <UniqueIdentifier>{10220506-3c66-4d8e-b808-019f02155942}</UniqueIdentifier>
    </Filter>
    <Filter Include="DriverCommunication">
      <UniqueIdentifier>{ef1f26b1-a906-46e4-9364-f2d643250c51}</UniqueIdentifier>
    </Filter>
    <Filter Include="Login">
      <UniqueIdentifier>{ae04ce9c-d735-429e-9ff3-37fe8516d175}</UniqueIdentifier>
    </Filter>
  </ItemGroup>
  <ItemGroup>
    <ClInclude Include="ComputerInfo.h">
      <Filter>ComputerInfo</Filter>
    </ClInclude>
    <ClInclude Include="Config.h">
      <Filter>Config</Filter>
    </ClInclude>
    <ClInclude Include="Client2Server.h">
      <Filter>Client2Server</Filter>
    </ClInclude>
    <ClInclude Include="AppMonitor.hpp">
      <Filter>AppMonitor</Filter>
    </ClInclude>
    <ClInclude Include="ProcessMonitor.hpp">
      <Filter>ProcessMonitor</Filter>
    </ClInclude>
    <ClInclude Include="PowerMonitor.h">
      <Filter>PowerMonitor</Filter>
    </ClInclude>
    <ClInclude Include="HttpClient.h">
      <Filter>HttpClient</Filter>
    </ClInclude>
    <ClInclude Include="Log.h">
      <Filter>Common</Filter>
    </ClInclude>
    <ClInclude Include="SQLiteDB.h">
      <Filter>SQLite3</Filter>
    </ClInclude>
    <ClInclude Include="Common.h">
      <Filter>Header Files</Filter>
    </ClInclude>
    <ClInclude Include="Communication.h">
      <Filter>DriverCommunication</Filter>
    </ClInclude>
    <ClInclude Include="Login.h">
      <Filter>Login</Filter>
    </ClInclude>
  </ItemGroup>
  <ItemGroup>
    <ClCompile Include="main.cpp">
      <Filter>Source Files</Filter>
    </ClCompile>
    <ClCompile Include="Common.cpp">
      <Filter>Source Files</Filter>
    </ClCompile>
    <ClCompile Include="ComputerInfo.cpp">
      <Filter>ComputerInfo</Filter>
    </ClCompile>
    <ClCompile Include="Config.cpp">
      <Filter>Config</Filter>
    </ClCompile>
    <ClCompile Include="Client2Server.cpp">
      <Filter>Client2Server</Filter>
    </ClCompile>
    <ClCompile Include="AppMonitor.cpp">
      <Filter>AppMonitor</Filter>
    </ClCompile>
    <ClCompile Include="ProcessMonitor.cpp">
      <Filter>ProcessMonitor</Filter>
    </ClCompile>
    <ClCompile Include="PowerMonitor.cpp">
      <Filter>PowerMonitor</Filter>
    </ClCompile>
    <ClCompile Include="HttpClient.cpp">
      <Filter>HttpClient</Filter>
    </ClCompile>
    <ClCompile Include="Log.cpp">
      <Filter>Common</Filter>
    </ClCompile>
    <ClCompile Include="Controller.cpp">
      <Filter>Source Files</Filter>
    </ClCompile>
    <ClCompile Include="SQLiteDB.cpp">
      <Filter>SQLite3</Filter>
    </ClCompile>
    <ClCompile Include="..\Include\sqlite3\sqlite3.c">
      <Filter>SQLite3</Filter>
    </ClCompile>
    <ClCompile Include="Communication.cpp">
      <Filter>DriverCommunication</Filter>
    </ClCompile>
    <ClCompile Include="Login.cpp">
      <Filter>Login</Filter>
    </ClCompile>
  </ItemGroup>
</Project>