<?xml version="1.0" encoding="utf-8"?>
<Project ToolsVersion="4.0" xmlns="http://schemas.microsoft.com/developer/msbuild/2003">
  <ItemGroup>
    <Filter Include="Source Files">
      <UniqueIdentifier>{4FC737F1-C7A5-4376-A066-2A32D752A2FF}</UniqueIdentifier>
      <Extensions>cpp;c;cc;cxx;c++;cppm;ixx;def;odl;idl;hpj;bat;asm;asmx</Extensions>
    </Filter>
    <Filter Include="Header Files">
      <UniqueIdentifier>{93995380-89BD-4b04-88EB-625FBE52EBFB}</UniqueIdentifier>
      <Extensions>h;hh;hpp;hxx;h++;hm;inl;inc;ipp;xsd</Extensions>
    </Filter>
    <Filter Include="ComputerInfo">
      <UniqueIdentifier>{e541e33a-555e-45ae-8f3c-e69b82016f0a}</UniqueIdentifier>
    </Filter>
    <Filter Include="Config">
      <UniqueIdentifier>{c81d7862-aee0-4859-8bcd-551bb87637ca}</UniqueIdentifier>
    </Filter>
    <Filter Include="Client2Server">
      <UniqueIdentifier>{6c3798a6-90c1-4798-86d6-104b0d79268c}</UniqueIdentifier>
    </Filter>
    <Filter Include="AppMonitor">
      <UniqueIdentifier>{9666e4e2-11ac-4cba-a9a8-d9179d3c8c81}</UniqueIdentifier>
    </Filter>
    <Filter Include="ProcessMonitor">
      <UniqueIdentifier>{d6aa1a60-7fbe-4af5-be23-b6536ecef6c7}</UniqueIdentifier>
    </Filter>
    <Filter Include="PowerMonitor">
      <UniqueIdentifier>{940c44bf-6d6d-4dd4-9e1d-e6e2c1f67849}</UniqueIdentifier>
    </Filter>
    <Filter Include="WinVersion">
      <UniqueIdentifier>{28e3535a-7a9f-4be0-8b72-feb084a17137}</UniqueIdentifier>
    </Filter>
  </ItemGroup>
  <ItemGroup>
    <ClInclude Include="ComputerInfo.h">
      <Filter>ComputerInfo</Filter>
    </ClInclude>
    <ClInclude Include="Config.h">
      <Filter>Config</Filter>
    </ClInclude>
    <ClInclude Include="Client2Server.h">
      <Filter>Client2Server</Filter>
    </ClInclude>
    <ClInclude Include="AppMonitor.hpp">
      <Filter>AppMonitor</Filter>
    </ClInclude>
    <ClInclude Include="ProcessMonitor.hpp">
      <Filter>ProcessMonitor</Filter>
    </ClInclude>
    <ClInclude Include="PowerMonitor.h">
      <Filter>PowerMonitor</Filter>
    </ClInclude>
    <ClInclude Include="WinVersion.h">
      <Filter>WinVersion</Filter>
    </ClInclude>
  </ItemGroup>
  <ItemGroup>
    <ClCompile Include="main.cpp">
      <Filter>Source Files</Filter>
    </ClCompile>
    <ClCompile Include="common.cpp">
      <Filter>Source Files</Filter>
    </ClCompile>
    <ClCompile Include="ComputerInfo.cpp">
      <Filter>ComputerInfo</Filter>
    </ClCompile>
    <ClCompile Include="Config.cpp">
      <Filter>Config</Filter>
    </ClCompile>
    <ClCompile Include="Client2Server.cpp">
      <Filter>Client2Server</Filter>
    </ClCompile>
    <ClCompile Include="AppMonitor.cpp">
      <Filter>AppMonitor</Filter>
    </ClCompile>
    <ClCompile Include="ProcessMonitor.cpp">
      <Filter>ProcessMonitor</Filter>
    </ClCompile>
    <ClCompile Include="PowerMonitor.cpp">
      <Filter>PowerMonitor</Filter>
    </ClCompile>
    <ClCompile Include="WinVersion.cpp">
      <Filter>WinVersion</Filter>
    </ClCompile>
  </ItemGroup>
</Project>