
Microsoft Visual Studio Solution File, Format Version 12.00
# Visual Studio Version 17
VisualStudioVersion = 17.14.35906.104 d17.14
MinimumVisualStudioVersion = 10.0.40219.1
Project("{8BC9CEB8-8B4A-11D0-8D11-00A0C91BC942}") = "SafeKidsTray", "SafeKidsTray\SafeKidsTray.vcxproj", "{DCC48452-BE9A-4311-BA0B-78B0D3B1EC21}"
EndProject
Global
	GlobalSection(SolutionConfigurationPlatforms) = preSolution
		Debug|x64 = Debug|x64
		Debug|x86 = Debug|x86
		Release|x64 = Release|x64
		Release|x86 = Release|x86
	EndGlobalSection
	GlobalSection(ProjectConfigurationPlatforms) = postSolution
		{DCC48452-BE9A-4311-BA0B-78B0D3B1EC21}.Debug|x64.ActiveCfg = Debug|x64
		{DCC48452-BE9A-4311-BA0B-78B0D3B1EC21}.Debug|x64.Build.0 = Debug|x64
		{DCC48452-BE9A-4311-BA0B-78B0D3B1EC21}.Debug|x86.ActiveCfg = Debug|Win32
		{DCC48452-BE9A-4311-BA0B-78B0D3B1EC21}.Debug|x86.Build.0 = Debug|Win32
		{DCC48452-BE9A-4311-BA0B-78B0D3B1EC21}.Release|x64.ActiveCfg = Release|x64
		{DCC48452-BE9A-4311-BA0B-78B0D3B1EC21}.Release|x64.Build.0 = Release|x64
		{DCC48452-BE9A-4311-BA0B-78B0D3B1EC21}.Release|x86.ActiveCfg = Release|Win32
		{DCC48452-BE9A-4311-BA0B-78B0D3B1EC21}.Release|x86.Build.0 = Release|Win32
	EndGlobalSection
	GlobalSection(SolutionProperties) = preSolution
		HideSolutionNode = FALSE
	EndGlobalSection
	GlobalSection(ExtensibilityGlobals) = postSolution
		SolutionGuid = {811FCFD5-2ED8-4D25-BC23-5A57D8E10FE9}
	EndGlobalSection
EndGlobal
